<Solution>
  <Folder Name="/Solution Items/">
    <File Path="Readme.md" />
  </Folder>
  <Project Path="1_ValidationDemo/1_ValidationDemo.csproj" Id="ab9e7913-a8fc-4c94-8b1c-440e4371d164" />
  <Project Path="2_ClientServerValidation/2_ClientServerValidation.csproj" Id="14f1e94f-224e-4b76-8323-c9d3ad2e70e2" />
  <Project Path="3_RoutingDemo/3_RoutingDemo.csproj" Id="c14c0ee3-7762-4f26-8103-29bf8504a57b" />
</Solution>
